{
  "version": 4,
  "terraform_version": "1.5.7",
  "serial": 35,
  "lineage": "e676cecf-e652-dea4-9a10-bd51b4a5089d",
  "outputs": {},
  "resources": [
    {
      "mode": "managed",
      "type": "google_cloud_run_service",
      "name": "run_service",
      "provider": "provider[\"registry.terraform.io/hashicorp/google\"]",
      "instances": [
        {
          "schema_version": 2,
          "attributes": {
            "autogenerate_revision_name": false,
            "id": "locations/us-central1/namespaces/investmentbot-425621/services/backend",
            "location": "us-central1",
            "metadata": [
              {
                "annotations": {},
                "effective_annotations": {
                  "run.googleapis.com/client-name": "gcloud",
                  "run.googleapis.com/client-version": "479.0.0",
                  "run.googleapis.com/ingress": "all",
                  "run.googleapis.com/ingress-status": "all",
                  "run.googleapis.com/operation-id": "8f3a77a7-1b4f-4e5d-828a-cc3870aa9664",
                  "serving.knative.dev/creator": "alexcantor64@gmail.com",
                  "serving.knative.dev/lastModifier": "alexcantor64@gmail.com"
                },
                "effective_labels": {
                  "cloud.googleapis.com/location": "us-central1"
                },
                "generation": 6,
                "labels": {},
                "namespace": "investmentbot-425621",
                "resource_version": "AAYaVAOMy1c",
                "self_link": "/apis/serving.knative.dev/v1/namespaces/714907636969/services/backend",
                "terraform_labels": {},
                "uid": "17aa4b00-1fa1-44f6-8248-79b9aac027bd"
              }
            ],
            "name": "backend",
            "project": "investmentbot-425621",
            "status": [
              {
                "conditions": [
                  {
                    "message": "",
                    "reason": "",
                    "status": "True",
                    "type": "Ready"
                  },
                  {
                    "message": "",
                    "reason": "",
                    "status": "True",
                    "type": "ConfigurationsReady"
                  },
                  {
                    "message": "",
                    "reason": "",
                    "status": "True",
                    "type": "RoutesReady"
                  }
                ],
                "latest_created_revision_name": "backend-00006-zbq",
                "latest_ready_revision_name": "backend-00006-zbq",
                "observed_generation": 6,
                "traffic": [
                  {
                    "latest_revision": true,
                    "percent": 100,
                    "revision_name": "backend-00006-zbq",
                    "tag": "",
                    "url": ""
                  }
                ],
                "url": "https://backend-b2b2vg7pfa-uc.a.run.app"
              }
            ],
            "template": [
              {
                "metadata": [
                  {
                    "annotations": {
                      "autoscaling.knative.dev/maxScale": "100",
                      "run.googleapis.com/client-name": "gcloud",
                      "run.googleapis.com/client-version": "479.0.0"
                    },
                    "generation": 0,
                    "labels": {
                      "client.knative.dev/nonce": "jztxthfuso",
                      "run.googleapis.com/startupProbeType": "Default"
                    },
                    "name": "",
                    "namespace": "",
                    "resource_version": "",
                    "self_link": "",
                    "uid": ""
                  }
                ],
                "spec": [
                  {
                    "container_concurrency": 80,
                    "containers": [
                      {
                        "args": [],
                        "command": [],
                        "env": [],
                        "env_from": [],
                        "image": "us-central1-docker.pkg.dev/investmentbot-425621/docker-repo/investmentbot-425621/api:latest",
                        "liveness_probe": [],
                        "name": "",
                        "ports": [
                          {
                            "container_port": 5000,
                            "name": "http1",
                            "protocol": ""
                          }
                        ],
                        "resources": [
                          {
                            "limits": {
                              "cpu": "1000m",
                              "memory": "512Mi"
                            },
                            "requests": {}
                          }
                        ],
                        "startup_probe": [
                          {
                            "failure_threshold": 1,
                            "grpc": [],
                            "http_get": [],
                            "initial_delay_seconds": 0,
                            "period_seconds": 240,
                            "tcp_socket": [
                              {
                                "port": 5000
                              }
                            ],
                            "timeout_seconds": 240
                          }
                        ],
                        "volume_mounts": [],
                        "working_dir": ""
                      }
                    ],
                    "service_account_name": "714907636969-compute@developer.gserviceaccount.com",
                    "serving_state": "",
                    "timeout_seconds": 300,
                    "volumes": []
                  }
                ]
              }
            ],
            "timeouts": null,
            "traffic": [
              {
                "latest_revision": true,
                "percent": 100,
                "revision_name": "",
                "tag": "",
                "url": ""
              }
            ]
          },
          "sensitive_attributes": [],
          "private": "eyJlMmJmYjczMC1lY2FhLTExZTYtOGY4OC0zNDM2M2JjN2M0YzAiOnsiY3JlYXRlIjoxMjAwMDAwMDAwMDAwLCJkZWxldGUiOjEyMDAwMDAwMDAwMDAsInVwZGF0ZSI6MTIwMDAwMDAwMDAwMH0sInNjaGVtYV92ZXJzaW9uIjoiMiJ9",
          "dependencies": [
            "google_project_service.run_api"
          ]
        }
      ]
    },
    {
      "mode": "managed",
      "type": "google_project_iam_binding",
      "name": "artifact_registry_writer",
      "provider": "provider[\"registry.terraform.io/hashicorp/google\"]",
      "instances": [
        {
          "schema_version": 0,
          "attributes": {
            "condition": [],
            "etag": "BwYaVAJa964=",
            "id": "investmentbot-425621/roles/artifactregistry.writer",
            "members": [
              "serviceAccount:circleci-service-account@investmentbot-425621.iam.gserviceaccount.com"
            ],
            "project": "investmentbot-425621",
            "role": "roles/artifactregistry.writer"
          },
          "sensitive_attributes": [],
          "private": "bnVsbA==",
          "dependencies": [
            "google_service_account.circleci_service_account"
          ]
        }
      ]
    },
    {
      "mode": "managed",
      "type": "google_project_iam_binding",
      "name": "storage_admin",
      "provider": "provider[\"registry.terraform.io/hashicorp/google\"]",
      "instances": [
        {
          "schema_version": 0,
          "attributes": {
            "condition": [],
            "etag": "BwYaVAJa964=",
            "id": "investmentbot-425621/roles/storage.admin",
            "members": [
              "serviceAccount:circleci-service-account@investmentbot-425621.iam.gserviceaccount.com"
            ],
            "project": "investmentbot-425621",
            "role": "roles/storage.admin"
          },
          "sensitive_attributes": [],
          "private": "bnVsbA==",
          "dependencies": [
            "google_service_account.circleci_service_account"
          ]
        }
      ]
    },
    {
      "mode": "managed",
      "type": "google_project_service",
      "name": "run_api",
      "provider": "provider[\"registry.terraform.io/hashicorp/google\"]",
      "instances": [
        {
          "schema_version": 0,
          "attributes": {
            "disable_dependent_services": null,
            "disable_on_destroy": true,
            "id": "investmentbot-425621/run.googleapis.com",
            "project": "investmentbot-425621",
            "service": "run.googleapis.com",
            "timeouts": null
          },
          "sensitive_attributes": [],
          "private": "eyJlMmJmYjczMC1lY2FhLTExZTYtOGY4OC0zNDM2M2JjN2M0YzAiOnsiY3JlYXRlIjoxMjAwMDAwMDAwMDAwLCJkZWxldGUiOjEyMDAwMDAwMDAwMDAsInJlYWQiOjYwMDAwMDAwMDAwMCwidXBkYXRlIjoxMjAwMDAwMDAwMDAwfX0="
        }
      ]
    },
    {
      "mode": "managed",
      "type": "google_service_account",
      "name": "circleci_service_account",
      "provider": "provider[\"registry.terraform.io/hashicorp/google\"]",
      "instances": [
        {
          "schema_version": 0,
          "attributes": {
            "account_id": "circleci-service-account",
            "create_ignore_already_exists": null,
            "description": "",
            "disabled": false,
            "display_name": "CircleCI Service Account",
            "email": "circleci-service-account@investmentbot-425621.iam.gserviceaccount.com",
            "id": "projects/investmentbot-425621/serviceAccounts/circleci-service-account@investmentbot-425621.iam.gserviceaccount.com",
            "member": "serviceAccount:circleci-service-account@investmentbot-425621.iam.gserviceaccount.com",
            "name": "projects/investmentbot-425621/serviceAccounts/circleci-service-account@investmentbot-425621.iam.gserviceaccount.com",
            "project": "investmentbot-425621",
            "timeouts": null,
            "unique_id": "100057660912270094700"
          },
          "sensitive_attributes": [],
          "private": "eyJlMmJmYjczMC1lY2FhLTExZTYtOGY4OC0zNDM2M2JjN2M0YzAiOnsiY3JlYXRlIjozMDAwMDAwMDAwMDB9fQ=="
        }
      ]
    },
    {
      "mode": "managed",
      "type": "google_service_account_key",
      "name": "circleci_service_account_key",
      "provider": "provider[\"registry.terraform.io/hashicorp/google\"]",
      "instances": [
        {
          "schema_version": 0,
          "attributes": {
            "id": "projects/investmentbot-425621/serviceAccounts/circleci-service-account@investmentbot-425621.iam.gserviceaccount.com/keys/d899390fb2916fe99bd918b0b00afe6d731aeeb6",
            "keepers": null,
            "key_algorithm": "KEY_ALG_RSA_2048",
            "name": "projects/investmentbot-425621/serviceAccounts/circleci-service-account@investmentbot-425621.iam.gserviceaccount.com/keys/d899390fb2916fe99bd918b0b00afe6d731aeeb6",
            "private_key": "MIIJqwIBAzCCCWQGCSqGSIb3DQEHAaCCCVUEgglRMIIJTTCCBXEGCSqGSIb3DQEHAaCCBWIEggVeMIIFWjCCBVYGCyqGSIb3DQEMCgECoIIE+zCCBPcwKQYKKoZIhvcNAQwBAzAbBBSNRGBhW/oxhE7UXx+Wf6vgQVMx8QIDAMNQBIIEyD2qUrRqcSzBRf41RKYlVcchb8CRHJ1hEVLuD/8XBjEMs1W3ia3HlS99NvZ5YS4ORe8pBQnM83rsHN0IyMWU4q8G7yTK21XTjFg9EpWtckMFduJd17o3hp1vOQ+9r+JDyM/IUqPH8RmWhQ7Lr4NfMNOmsBfnwiHyozmMHWLi7EPKhzTcbsPZH9cB3X00nWHK4fU29VIJqBDRavuBJKcJ7nin0fw0tZRlTRUkH3HM+l7YodztjFNSpoxC5EKome5qMOw+Ee5X3txI18AaClk8afbfzN3d8s8ESwJuqnkeemesEzkiCqSILu0u/eaxzGisVtQxpp2ArUiaz42Muo2fvDnB/+6WISPsLieM1tZahlyd8zOMOjy55F/A5sMIF0n7X+bSHqbeQoKkflwo+W/xesYly4glL/SbqA3mpUjGI0RtD/Y8EQzwJABSLGXWhWWMij7fj4cqrBRD47RBETDIsO5HEw7WPJ1oNBcwvKIuGIzq4ZQ7OEnBy6tVdMU69Lh92OA/p46zP4iNr8d7J7N7UXt2C1vCvhHx0IaotijOdTFLEkwryd9PQpsSh+lWFACm+9wzv7FHzzXGyCUHo6bw1tD9U/CfyB6nYGDUstuL+wkj0gHT6Nn6AnxMQLJzcKcu2Rzq+udoQsObcHJnEK/4Ovh/mHaQfajbz1YZG3Khtm/uX7Zfhpd6InkDBbHMhwcB3mAAcjKuirYsPD+HzrXdajotvsIPtTxGNqH42qB9XC8tDrA3C/Pgv8vMqlkSWXUlMV46H9p57S/4GKdsgQHfz89svqi6hN1HjOrd0ZC3HJIVvSiZf7u6YLFdAjxmMTQldRWV2UdMOXF8Z/Hzh4/pNcwKFyn19AOXiGln22nUqQSjvk7SfqHWfiIbVg+F/HUyaCvRztQJiLjpEpVqefpdI7INLINqagp6EX6g/SRRt7v8xE8emG2SjKy1aZ8X5anx3QiMmIThN8y4vvV5CGoPvpdllYxS1mR6nAPev3ZHELkxR59YGVQc8Ey0BvYGuLq0/9ewETSAIXVxGLx6Jv1zhkJ/yAVF4xlaCqqp536aCC4Loz7I7iHNFhwyvNKdtFuUZaNXDRANfwhfqWP0LEvlu+r4U5IN4IMOKmz0SjXoxfj/wK8xhBsZvizFpTHWPZHQmSzBxfIga6NrUCpQcyyO5ExPjUFxQGqvsB/5Vw4MbTBLUQKz0K45Xf+9aPPvcp+AW6LCtNFFsUpWBNyMGpmvrvYxRq24uHwl5FZBcqBdZecQnTDHIzClIWMJU42QMYlWNtypgwhWP212xE20xLs28JNZUHaB4U/a9so8DSmoJ1xQBvSWRBMyiTwzogshsAQfbd7eGIhwPqpDD/BmRVqyzHUeEsaE+KKkzFuC70WAjtojsEqdJqBpfs/9D5mtJkihRZC+pDP1tHqORPECbWS+3QGwk9OiDxl0pSU5Ey1CeeA6sJnMFz2PIeaCRjZamZg4qQjiDtD52rLPHGdZEEOP4nXm2eOkSbf5leuUM67kCmYRk0zQ7pfRgs9GjDuAr1hg8QBFfF/WVW7XLAt36LV09WJju1fyDonX57PA9OaYe/Sj71ZZutj1kYvbDakbgFnNq5OglgkUKpskAMI67j/DGnVfCIcR1aru8zFIMCMGCSqGSIb3DQEJFDEWHhQAcAByAGkAdgBhAHQAZQBrAGUAeTAhBgkqhkiG9w0BCRUxFAQSVGltZSAxNzE3Nzk0MTc1MTg4MIID1AYJKoZIhvcNAQcGoIIDxTCCA8ECAQAwggO6BgkqhkiG9w0BBwEwKQYKKoZIhvcNAQwBBjAbBBT/i8HQHLPEPqt498j64Xm0rCp2EAIDAMNQgIIDgMZW3iOgGyEaOEP+iCdvNpT4juA0miolLeKmCmvMMBlfHq8UnIaIL4ltNZRNjnVaBgfkmCztciT0YIlsKIliQsexnap+YgLeb7ns3u9WFq3TgMIMrIAaqTG2yAG5Wwf+1t5QIMBC44NOyjK4DJ3kPD1fs9lq4yPoSvg72Ngv862SCxLtiIKUib8g4htlDcs9DFk8Sac1l0L61BwWdCOdG1yxNhvOOUJm6NBM/5rDLSK1UcnCMsr2LstOb5w/hwSLwghsnpi0ps5EJHLvH+Q4cIZ6SsQFcHBqXOJ6Xz4H1n7WSImQeHEsn63Pg5KWoz0xngfGex7U4bDOgnp37LoDlzTgxwy3Y4hPsEgjjI4cbg243RgjNdkBC2QMTbwmrJY+XBNUntfQ+joS0k2gTA9g1GAFEglYjoUWU5E1giVFe/LxK4gBjRMuIvt6PixpeQNhwHAn8/dh/+cwipAJrJtqjuTjZnhIGKcFuL2fTVjoDIgvKOXBtKHlxSiOhjv3zsD2KNhGrDXOHq7EDYdayhHQnPNuW32I6K2DY57qGuZjWbvM6WS1PkZbCGfz1Ctx3KYKbyyG6AAHK5Vobu2p66j9XRY2TxeYG4qwodSNfeauaG6fGRQKDS77pPYJesApTNg9vBkI+uGYLLqVma/kZsAP2Zjv0lCxdAN1OU4Q6XJcb8Qofo4b4g44KeSX/Hv+MhFLQVYRSIWLRKQvBiuX+geAZQorM0iMBtFexKhVyRjP2i1Po4m9t7SlGaAHu2wN1vZH/rFIrT8O1smVtsCUYN3OsKNUCP0ohS6yqOla3lKZm++i6FZ3O2qlvRfOvpBJEJKzTTYQbeuq6FX8rqgUmkUXvlJfFI9dknxTz0MeWJndPWoIOOK/29Jsf6IrJTJUjWDqIJWjvqIu9jBodeivf+VU+rhaQEqp4pp4ZSXcFDqB0dLX4er3nCXtMzM+SgvOWmyHgFlHU57xq0vGzbBKM6Hri3Xn87R0pet7MsQbiKrF/v+nKFf63JJB+I75z1yIfvxG3ndBgUWfFcY35EziZai++sE/KYMKT5LgihBPEeK0aBw3kyiirHfOqXueDnQkZnXpz1KOaXuQo8+IxUJD3YYMQXkrAREgd6Gi+aTrVSIziy5M732+i83eDhb6um8PBRfiwJ4BGOPk5PjaLQ/jXCFPzbl1JWl+XXtf/QbXqyy1+2EqMD4wITAJBgUrDgMCGgUABBRGoRWO7VoCbeyOJB2XAn4gAE41SQQUuV0fgYY+BOQdHC0sE1KrntL0a2kCAwGGoA==",
            "private_key_type": "TYPE_PKCS12_FILE",
            "public_key": "LS0tLS1CRUdJTiBDRVJUSUZJQ0FURS0tLS0tCk1JSUMvRENDQWVTZ0F3SUJBZ0lJUHFHcTR3TjV2bFV3RFFZSktvWklodmNOQVFFRkJRQXdJREVlTUJ3R0ExVUUKQXhNVk1UQXdNRFUzTmpZd09URXlNamN3TURrME56QXdNQ0FYRFRJME1EWXdOekl4TURJMU5Wb1lEems1T1RreApNak14TWpNMU9UVTVXakFnTVI0d0hBWURWUVFERXhVeE1EQXdOVGMyTmpBNU1USXlOekF3T1RRM01EQXdnZ0VpCk1BMEdDU3FHU0liM0RRRUJBUVVBQTRJQkR3QXdnZ0VLQW9JQkFRQy9PQ1Nsd0JIbGhTQk5xSGFIbkw1ODJERTUKVXhGcHQ5aG9nVmVyUzA2RVR2RzcyckE5UWowZUlleE9FL2hPWE1vR2hkMzZDZW03UWNjZWFoQm9xdzBKNGtYSwpVMzlIcjBhVDhuTEdLR0l3eDZQc2RTQVJYaEJRdUVBTEZVNmFvUXJMT1RqOXcrdXdCd0s5MGtLS1ByUEJEYzBmCmNjUFN6NUsrTkl1VkxleUwxSWNrUzlscUtJSWZxMnkyQW9ndGR2L3I5QlNpbkNVNCtCeXJjWXJJUjNSdWdwOE8KTm1jZHlDRFpjMVZhK2FXcG5IVk5pa0FUbDBSaS9qYnVOSUxkb2RzZ1BaZlcvS3ZjeGNGd2E1NGJMTmMra1RWaAozYUZVUmQyUitaTXNEWFZKSzZsbGMxTENBWW1PWXF4cHNZaERJSlZOZmZySUpmUmZCZkNmcFVQTGNNSHBBZ01CCkFBR2pPREEyTUF3R0ExVWRFd0VCL3dRQ01BQXdEZ1lEVlIwUEFRSC9CQVFEQWdlQU1CWUdBMVVkSlFFQi93UU0KTUFvR0NDc0dBUVVGQndNQ01BMEdDU3FHU0liM0RRRUJCUVVBQTRJQkFRQUNvVWRqeWtMaDNwdjBFaGVndEpnRApoSHJ3aXpESll0Q3NUaWJ3YVZsWGRWRVI2Uks3NFowSGVaK21lbklVek02OTVuOUNkckY4NEY0N2lSQysvK2lwCjU4SlNjNHZyVVMwZ0NYSUw5SXgrdHF2RktmZW41Z1VYWW5QMWxQUTNqOFlOZk0veW5JTGNMSmtQeEI1MHBTSisKblBXL3NWYzl6QmQwZjRqRWx5ZGpGVTcrdUpldXljOWEycEYwbW1wQUpUTGU5Yjh3MDVOa3BDTHR5NmYyN1NHMgprM2svY2ZmR25PU0toZjA1dnd6U1RVVEVrRms4L2t6S0tPY1BaOGpxRTh5ME1sYlZXWDBudDlzQ24veG1vQXI5CmJpeWhEVmVtVjhTeThVcGtvc2ZNSkZpRlJFeUswaVBhMi9PSzRFOFh1ZWU4QVBZdktqMkxrR0RvblVvZEh2OXkKLS0tLS1FTkQgQ0VSVElGSUNBVEUtLS0tLQo=",
            "public_key_data": null,
            "public_key_type": "TYPE_X509_PEM_FILE",
            "service_account_id": "projects/investmentbot-425621/serviceAccounts/circleci-service-account@investmentbot-425621.iam.gserviceaccount.com",
            "valid_after": "2024-06-07T21:02:55Z",
            "valid_before": "9999-12-31T23:59:59Z"
          },
          "sensitive_attributes": [],
          "private": "bnVsbA==",
          "dependencies": [
            "google_service_account.circleci_service_account"
          ]
        }
      ]
    }
  ],
  "check_results": null
}
